{
  "name": "jsonresume-themes-installer",
  "version": "0.0.1",
  "lockfileVersion": 2,
  "requires": true,
  "packages": {
    "": {
      "name": "jsonresume-themes-installer",
      "version": "0.0.1",
      "license": "MIT",
      "dependencies": {
        "jsonresume-themes-feed": "^0.0.1"
      }
    },
    "node_modules/jsonresume-themes-feed": {
      "version": "0.0.1",
      "resolved": "https://registry.npmjs.org/jsonresume-themes-feed/-/jsonresume-themes-feed-0.0.1.tgz",
      "integrity": "sha512-0or5cA+1DyeJoZreLfXoYUoePBlgapF4vSghKKQGRF0yiag8c82U8X+qWd9YrYAc972lWXKE+Xeb8qRYOPNUvQ=="
    }
  },
  "dependencies": {
    "jsonresume-themes-feed": {
      "version": "0.0.1",
      "resolved": "https://registry.npmjs.org/jsonresume-themes-feed/-/jsonresume-themes-feed-0.0.1.tgz",
      "integrity": "sha512-0or5cA+1DyeJoZreLfXoYUoePBlgapF4vSghKKQGRF0yiag8c82U8X+qWd9YrYAc972lWXKE+Xeb8qRYOPNUvQ=="
    }
  }
}
